
Microsoft Visual Studio Solution File, Format Version 12.00
# Visual Studio Version 17
VisualStudioVersion = 17.0.32014.148
MinimumVisualStudioVersion = 10.0.40219.1
Project("{FAE04EC0-301F-11D3-BF4B-00C04F79EFBC}") = "Sgms.Frontend", "Sgms.Frontend.csproj", "{8136B751-F1FB-4B82-99CA-DE2DF72FDF0D}"
EndProject
Project("{FAE04EC0-301F-11D3-BF4B-00C04F79EFBC}") = "Sgms.Backend", "..\Sgms.Backend\Sgms.Backend.csproj", "{388FB47A-01F5-444F-B5BA-D1DFB0D14EE8}"
EndProject
Global
	GlobalSection(SolutionConfigurationPlatforms) = preSolution
		Debug|Any CPU = Debug|Any CPU
		Release|Any CPU = Release|Any CPU
	EndGlobalSection
	GlobalSection(ProjectConfigurationPlatforms) = postSolution
		{8136B751-F1FB-4B82-99CA-DE2DF72FDF0D}.Debug|Any CPU.ActiveCfg = Debug|Any CPU
		{8136B751-F1FB-4B82-99CA-DE2DF72FDF0D}.Debug|Any CPU.Build.0 = Debug|Any CPU
		{8136B751-F1FB-4B82-99CA-DE2DF72FDF0D}.Release|Any CPU.ActiveCfg = Release|Any CPU
		{8136B751-F1FB-4B82-99CA-DE2DF72FDF0D}.Release|Any CPU.Build.0 = Release|Any CPU
		{388FB47A-01F5-444F-B5BA-D1DFB0D14EE8}.Debug|Any CPU.ActiveCfg = Debug|Any CPU
		{388FB47A-01F5-444F-B5BA-D1DFB0D14EE8}.Debug|Any CPU.Build.0 = Debug|Any CPU
		{388FB47A-01F5-444F-B5BA-D1DFB0D14EE8}.Release|Any CPU.ActiveCfg = Release|Any CPU
		{388FB47A-01F5-444F-B5BA-D1DFB0D14EE8}.Release|Any CPU.Build.0 = Release|Any CPU
	EndGlobalSection
	GlobalSection(SolutionProperties) = preSolution
		HideSolutionNode = FALSE
	EndGlobalSection
	GlobalSection(ExtensibilityGlobals) = postSolution
		SolutionGuid = {54EA2130-D993-4A30-9F23-91BBDA245D95}
	EndGlobalSection
EndGlobal
